
Microsoft Visual Studio Solution File, Format Version 12.00
# Visual Studio Version 17
VisualStudioVersion = 17.14.36408.4 d17.14
MinimumVisualStudioVersion = 10.0.40219.1
Project("{FAE04EC0-301F-11D3-BF4B-00C04F79EFBC}") = "CrudApi", "CrudApi\CrudApi.csproj", "{D5DCD00B-1769-4B32-AD0A-2A97CFFF31AC}"
EndProject
Global
	GlobalSection(SolutionConfigurationPlatforms) = preSolution
		Debug|Any CPU = Debug|Any CPU
		Release|Any CPU = Release|Any CPU
	EndGlobalSection
	GlobalSection(ProjectConfigurationPlatforms) = postSolution
		{D5DCD00B-1769-4B32-AD0A-2A97CFFF31AC}.Debug|Any CPU.ActiveCfg = Debug|Any CPU
		{D5DCD00B-1769-4B32-AD0A-2A97CFFF31AC}.Debug|Any CPU.Build.0 = Debug|Any CPU
		{D5DCD00B-1769-4B32-AD0A-2A97CFFF31AC}.Release|Any CPU.ActiveCfg = Release|Any CPU
		{D5DCD00B-1769-4B32-AD0A-2A97CFFF31AC}.Release|Any CPU.Build.0 = Release|Any CPU
	EndGlobalSection
	GlobalSection(SolutionProperties) = preSolution
		HideSolutionNode = FALSE
	EndGlobalSection
	GlobalSection(ExtensibilityGlobals) = postSolution
		SolutionGuid = {B01C4BB7-8DD9-4965-AD88-A68B040CE47A}
	EndGlobalSection
EndGlobal
